
Microsoft Visual Studio Solution File, Format Version 12.00
# Visual Studio Version 17
VisualStudioVersion = 17.14.36301.6 d17.14
MinimumVisualStudioVersion = 10.0.40219.1
Project("{FAE04EC0-301F-11D3-BF4B-00C04F79EFBC}") = "CalculatorApp", "CalculatorApp\CalculatorApp.csproj", "{1B96BC82-9DB2-4399-9797-03816208C04A}"
EndProject
Project("{FAE04EC0-301F-11D3-BF4B-00C04F79EFBC}") = "CalculatorLibrary", "CalculatorLibrary\CalculatorLibrary.csproj", "{F5F39A34-2D5B-470F-ABB0-B56917E2C664}"
EndProject
Global
	GlobalSection(SolutionConfigurationPlatforms) = preSolution
		Debug|Any CPU = Debug|Any CPU
		Release|Any CPU = Release|Any CPU
	EndGlobalSection
	GlobalSection(ProjectConfigurationPlatforms) = postSolution
		{1B96BC82-9DB2-4399-9797-03816208C04A}.Debug|Any CPU.ActiveCfg = Debug|Any CPU
		{1B96BC82-9DB2-4399-9797-03816208C04A}.Debug|Any CPU.Build.0 = Debug|Any CPU
		{1B96BC82-9DB2-4399-9797-03816208C04A}.Release|Any CPU.ActiveCfg = Release|Any CPU
		{1B96BC82-9DB2-4399-9797-03816208C04A}.Release|Any CPU.Build.0 = Release|Any CPU
		{F5F39A34-2D5B-470F-ABB0-B56917E2C664}.Debug|Any CPU.ActiveCfg = Debug|Any CPU
		{F5F39A34-2D5B-470F-ABB0-B56917E2C664}.Debug|Any CPU.Build.0 = Debug|Any CPU
		{F5F39A34-2D5B-470F-ABB0-B56917E2C664}.Release|Any CPU.ActiveCfg = Release|Any CPU
		{F5F39A34-2D5B-470F-ABB0-B56917E2C664}.Release|Any CPU.Build.0 = Release|Any CPU
	EndGlobalSection
	GlobalSection(SolutionProperties) = preSolution
		HideSolutionNode = FALSE
	EndGlobalSection
	GlobalSection(ExtensibilityGlobals) = postSolution
		SolutionGuid = {E7D098B6-3E30-4C34-8998-95D3615914A4}
	EndGlobalSection
EndGlobal
